
Microsoft Visual Studio Solution File, Format Version 12.00
# Visual Studio Version 17
VisualStudioVersion = 17.5.002.0
MinimumVisualStudioVersion = 10.0.40219.1
Project("{9A19103F-16F7-4668-BE54-9A1E7A4F7556}") = "BookNest", "BookNest.csproj", "{D7836074-A190-4B14-967A-3B845666306A}"
EndProject
Global
	GlobalSection(SolutionConfigurationPlatforms) = preSolution
		Debug|Any CPU = Debug|Any CPU
		Release|Any CPU = Release|Any CPU
	EndGlobalSection
	GlobalSection(ProjectConfigurationPlatforms) = postSolution
		{D7836074-A190-4B14-967A-3B845666306A}.Debug|Any CPU.ActiveCfg = Debug|Any CPU
		{D7836074-A190-4B14-967A-3B845666306A}.Debug|Any CPU.Build.0 = Debug|Any CPU
		{D7836074-A190-4B14-967A-3B845666306A}.Release|Any CPU.ActiveCfg = Release|Any CPU
		{D7836074-A190-4B14-967A-3B845666306A}.Release|Any CPU.Build.0 = Release|Any CPU
	EndGlobalSection
	GlobalSection(SolutionProperties) = preSolution
		HideSolutionNode = FALSE
	EndGlobalSection
	GlobalSection(ExtensibilityGlobals) = postSolution
		SolutionGuid = {8EDD79C2-49E7-47E5-AE09-ED6BCA99D69D}
	EndGlobalSection
EndGlobal
